
Microsoft Visual Studio Solution File, Format Version 12.00
# Visual Studio Version 17
VisualStudioVersion = 17.5.002.0
MinimumVisualStudioVersion = 10.0.40219.1
Project("{2150E333-8FDC-42A3-9474-1A3956D46DE8}") = "examples", "examples", "{DF61B83F-7771-48DA-8C72-7D8FE3D87416}"
EndProject
Project("{2150E333-8FDC-42A3-9474-1A3956D46DE8}") = "C#", "C#", "{F09C92B1-7DB1-4CB3-88B1-CF9F525B4FB5}"
EndProject
Project("{9A19103F-16F7-4668-BE54-9A1E7A4F7556}") = "HelloTriangle", "examples\C#\HelloTriangle\HelloTriangle.csproj", "{C0B7A3D8-8AEE-40CB-8F7E-5B0CDABE7A3B}"
EndProject
Project("{9A19103F-16F7-4668-BE54-9A1E7A4F7556}") = "HelloWindow", "examples\C#\HelloWindow\HelloWindow.csproj", "{CFF44CCF-7C13-4A11-BF47-8F5323F19EF6}"
EndProject
Global
	GlobalSection(SolutionConfigurationPlatforms) = preSolution
		Debug|Any CPU = Debug|Any CPU
		Release|Any CPU = Release|Any CPU
	EndGlobalSection
	GlobalSection(ProjectConfigurationPlatforms) = postSolution
		{C0B7A3D8-8AEE-40CB-8F7E-5B0CDABE7A3B}.Debug|Any CPU.ActiveCfg = Debug|Any CPU
		{C0B7A3D8-8AEE-40CB-8F7E-5B0CDABE7A3B}.Debug|Any CPU.Build.0 = Debug|Any CPU
		{C0B7A3D8-8AEE-40CB-8F7E-5B0CDABE7A3B}.Release|Any CPU.ActiveCfg = Release|Any CPU
		{C0B7A3D8-8AEE-40CB-8F7E-5B0CDABE7A3B}.Release|Any CPU.Build.0 = Release|Any CPU
		{CFF44CCF-7C13-4A11-BF47-8F5323F19EF6}.Debug|Any CPU.ActiveCfg = Debug|Any CPU
		{CFF44CCF-7C13-4A11-BF47-8F5323F19EF6}.Debug|Any CPU.Build.0 = Debug|Any CPU
		{CFF44CCF-7C13-4A11-BF47-8F5323F19EF6}.Release|Any CPU.ActiveCfg = Release|Any CPU
		{CFF44CCF-7C13-4A11-BF47-8F5323F19EF6}.Release|Any CPU.Build.0 = Release|Any CPU
	EndGlobalSection
	GlobalSection(SolutionProperties) = preSolution
		HideSolutionNode = FALSE
	EndGlobalSection
	GlobalSection(NestedProjects) = preSolution
		{F09C92B1-7DB1-4CB3-88B1-CF9F525B4FB5} = {DF61B83F-7771-48DA-8C72-7D8FE3D87416}
		{C0B7A3D8-8AEE-40CB-8F7E-5B0CDABE7A3B} = {F09C92B1-7DB1-4CB3-88B1-CF9F525B4FB5}
		{CFF44CCF-7C13-4A11-BF47-8F5323F19EF6} = {F09C92B1-7DB1-4CB3-88B1-CF9F525B4FB5}
	EndGlobalSection
	GlobalSection(ExtensibilityGlobals) = postSolution
		SolutionGuid = {EA9A8460-87D3-458F-909D-216A8F8D64B3}
	EndGlobalSection
EndGlobal
