
Microsoft Visual Studio Solution File, Format Version 12.00
# Visual Studio Version 17
VisualStudioVersion = 17.5.002.0
MinimumVisualStudioVersion = 10.0.40219.1
Project("{9A19103F-16F7-4668-BE54-9A1E7A4F7556}") = "GAIL", "GAIL\GAIL.csproj", "{05108CE5-485F-47E5-89AA-7DE8E3CF412F}"
EndProject
Project("{2150E333-8FDC-42A3-9474-1A3956D46DE8}") = "examples", "examples", "{C6AB5ECD-BADA-482A-B644-FC6728F4B458}"
EndProject
Project("{FAE04EC0-301F-11D3-BF4B-00C04F79EFBC}") = "HelloTriangle", "examples\HelloTriangle\HelloTriangle.csproj", "{59A708FF-746C-4201-B53B-5B51971664FC}"
EndProject
Project("{FAE04EC0-301F-11D3-BF4B-00C04F79EFBC}") = "FromFiles", "examples\FromFiles\FromFiles.csproj", "{B119905A-A7E1-45D7-812D-68006E336334}"
EndProject
Project("{FAE04EC0-301F-11D3-BF4B-00C04F79EFBC}") = "GAIL2D", "GAIL2D\GAIL2D.csproj", "{283AA7AF-F03F-457B-8F4C-37E8AF7A5B70}"
EndProject
Global
	GlobalSection(SolutionConfigurationPlatforms) = preSolution
		Debug|Any CPU = Debug|Any CPU
		Release|Any CPU = Release|Any CPU
	EndGlobalSection
	GlobalSection(ProjectConfigurationPlatforms) = postSolution
		{05108CE5-485F-47E5-89AA-7DE8E3CF412F}.Debug|Any CPU.ActiveCfg = Debug|Any CPU
		{05108CE5-485F-47E5-89AA-7DE8E3CF412F}.Debug|Any CPU.Build.0 = Debug|Any CPU
		{05108CE5-485F-47E5-89AA-7DE8E3CF412F}.Release|Any CPU.ActiveCfg = Release|Any CPU
		{05108CE5-485F-47E5-89AA-7DE8E3CF412F}.Release|Any CPU.Build.0 = Release|Any CPU
		{59A708FF-746C-4201-B53B-5B51971664FC}.Debug|Any CPU.ActiveCfg = Debug|Any CPU
		{59A708FF-746C-4201-B53B-5B51971664FC}.Debug|Any CPU.Build.0 = Debug|Any CPU
		{59A708FF-746C-4201-B53B-5B51971664FC}.Release|Any CPU.ActiveCfg = Release|Any CPU
		{59A708FF-746C-4201-B53B-5B51971664FC}.Release|Any CPU.Build.0 = Release|Any CPU
		{B119905A-A7E1-45D7-812D-68006E336334}.Debug|Any CPU.ActiveCfg = Debug|Any CPU
		{B119905A-A7E1-45D7-812D-68006E336334}.Debug|Any CPU.Build.0 = Debug|Any CPU
		{B119905A-A7E1-45D7-812D-68006E336334}.Release|Any CPU.ActiveCfg = Release|Any CPU
		{B119905A-A7E1-45D7-812D-68006E336334}.Release|Any CPU.Build.0 = Release|Any CPU
		{283AA7AF-F03F-457B-8F4C-37E8AF7A5B70}.Debug|Any CPU.ActiveCfg = Debug|Any CPU
		{283AA7AF-F03F-457B-8F4C-37E8AF7A5B70}.Debug|Any CPU.Build.0 = Debug|Any CPU
		{283AA7AF-F03F-457B-8F4C-37E8AF7A5B70}.Release|Any CPU.ActiveCfg = Release|Any CPU
		{283AA7AF-F03F-457B-8F4C-37E8AF7A5B70}.Release|Any CPU.Build.0 = Release|Any CPU
	EndGlobalSection
	GlobalSection(SolutionProperties) = preSolution
		HideSolutionNode = FALSE
	EndGlobalSection
	GlobalSection(ExtensibilityGlobals) = postSolution
		SolutionGuid = {11857D7C-CA87-40C4-B2F5-6A90DCDB111A}
	EndGlobalSection
	GlobalSection(NestedProjects) = preSolution
		{59A708FF-746C-4201-B53B-5B51971664FC} = {C6AB5ECD-BADA-482A-B644-FC6728F4B458}
		{B119905A-A7E1-45D7-812D-68006E336334} = {C6AB5ECD-BADA-482A-B644-FC6728F4B458}
	EndGlobalSection
EndGlobal
