
Microsoft Visual Studio Solution File, Format Version 12.00
# Visual Studio Version 17
VisualStudioVersion = 17.5.002.0
MinimumVisualStudioVersion = 10.0.40219.1
Project("{9A19103F-16F7-4668-BE54-9A1E7A4F7556}") = "GAILExamples", "examples\GAILExamples.csproj", "{A68CF242-F685-4FFD-BE9D-8B5F159D5D17}"
EndProject
Project("{9A19103F-16F7-4668-BE54-9A1E7A4F7556}") = "GAIL", "GAIL\GAIL.csproj", "{19CA0075-B397-4DF9-B991-E55857C2A34C}"
EndProject
Global
	GlobalSection(SolutionConfigurationPlatforms) = preSolution
		Debug|Any CPU = Debug|Any CPU
		Release|Any CPU = Release|Any CPU
	EndGlobalSection
	GlobalSection(ProjectConfigurationPlatforms) = postSolution
		{A68CF242-F685-4FFD-BE9D-8B5F159D5D17}.Debug|Any CPU.ActiveCfg = Debug|Any CPU
		{A68CF242-F685-4FFD-BE9D-8B5F159D5D17}.Debug|Any CPU.Build.0 = Debug|Any CPU
		{A68CF242-F685-4FFD-BE9D-8B5F159D5D17}.Release|Any CPU.ActiveCfg = Release|Any CPU
		{A68CF242-F685-4FFD-BE9D-8B5F159D5D17}.Release|Any CPU.Build.0 = Release|Any CPU
		{19CA0075-B397-4DF9-B991-E55857C2A34C}.Debug|Any CPU.ActiveCfg = Debug|Any CPU
		{19CA0075-B397-4DF9-B991-E55857C2A34C}.Debug|Any CPU.Build.0 = Debug|Any CPU
		{19CA0075-B397-4DF9-B991-E55857C2A34C}.Release|Any CPU.ActiveCfg = Release|Any CPU
		{19CA0075-B397-4DF9-B991-E55857C2A34C}.Release|Any CPU.Build.0 = Release|Any CPU
	EndGlobalSection
	GlobalSection(SolutionProperties) = preSolution
		HideSolutionNode = FALSE
	EndGlobalSection
	GlobalSection(ExtensibilityGlobals) = postSolution
		SolutionGuid = {86608F16-0223-4857-853A-059E8F8E89A0}
	EndGlobalSection
EndGlobal
